
Microsoft Visual Studio Solution File, Format Version 12.00
# Visual Studio Version 17
VisualStudioVersion = 17.3.32819.101
MinimumVisualStudioVersion = 10.0.40219.1
Project("{9A19103F-16F7-4668-BE54-9A1E7A4F7556}") = "BlazorApp1", "BlazorApp1\BlazorApp1.csproj", "{2C3067E3-DFAC-41B9-BE9F-4972AE597AA2}"
EndProject
Project("{9A19103F-16F7-4668-BE54-9A1E7A4F7556}") = "BlazorApp2_Client", "BlazorApp2_Client\BlazorApp2_Client.csproj", "{3C9DC68B-4207-4F8C-A712-BAA1FD873A18}"
EndProject
Project("{9A19103F-16F7-4668-BE54-9A1E7A4F7556}") = "Project_models", "Project_models\Project_models.csproj", "{5059357D-8B1A-4644-B944-4341DCFB8C3D}"
EndProject
Global
	GlobalSection(SolutionConfigurationPlatforms) = preSolution
		Debug|Any CPU = Debug|Any CPU
		Release|Any CPU = Release|Any CPU
	EndGlobalSection
	GlobalSection(ProjectConfigurationPlatforms) = postSolution
		{2C3067E3-DFAC-41B9-BE9F-4972AE597AA2}.Debug|Any CPU.ActiveCfg = Debug|Any CPU
		{2C3067E3-DFAC-41B9-BE9F-4972AE597AA2}.Debug|Any CPU.Build.0 = Debug|Any CPU
		{2C3067E3-DFAC-41B9-BE9F-4972AE597AA2}.Release|Any CPU.ActiveCfg = Release|Any CPU
		{2C3067E3-DFAC-41B9-BE9F-4972AE597AA2}.Release|Any CPU.Build.0 = Release|Any CPU
		{3C9DC68B-4207-4F8C-A712-BAA1FD873A18}.Debug|Any CPU.ActiveCfg = Debug|Any CPU
		{3C9DC68B-4207-4F8C-A712-BAA1FD873A18}.Debug|Any CPU.Build.0 = Debug|Any CPU
		{3C9DC68B-4207-4F8C-A712-BAA1FD873A18}.Release|Any CPU.ActiveCfg = Release|Any CPU
		{3C9DC68B-4207-4F8C-A712-BAA1FD873A18}.Release|Any CPU.Build.0 = Release|Any CPU
		{5059357D-8B1A-4644-B944-4341DCFB8C3D}.Debug|Any CPU.ActiveCfg = Debug|Any CPU
		{5059357D-8B1A-4644-B944-4341DCFB8C3D}.Debug|Any CPU.Build.0 = Debug|Any CPU
		{5059357D-8B1A-4644-B944-4341DCFB8C3D}.Release|Any CPU.ActiveCfg = Release|Any CPU
		{5059357D-8B1A-4644-B944-4341DCFB8C3D}.Release|Any CPU.Build.0 = Release|Any CPU
	EndGlobalSection
	GlobalSection(SolutionProperties) = preSolution
		HideSolutionNode = FALSE
	EndGlobalSection
	GlobalSection(ExtensibilityGlobals) = postSolution
		SolutionGuid = {21A23C67-3CCE-4666-A14F-44D728E754C4}
	EndGlobalSection
EndGlobal
